
Microsoft Visual Studio Solution File, Format Version 12.00
# Visual Studio Version 16
VisualStudioVersion = 16.0.29709.97
MinimumVisualStudioVersion = 10.0.40219.1
Project("{FAE04EC0-301F-11D3-BF4B-00C04F79EFBC}") = "LinkWeb", "LinkWeb\LinkWeb.csproj", "{D6C488AA-4954-4B04-ADE7-BAC924803B7E}"
EndProject
Project("{9092AA53-FB77-4645-B42D-1CCCA6BD08BD}") = "LinkNode", "LinkNode\LinkNode.njsproj", "{B29AD100-CF31-4457-9366-FD99E1A2FFC6}"
EndProject
Global
	GlobalSection(SolutionConfigurationPlatforms) = preSolution
		Debug|Any CPU = Debug|Any CPU
		Release|Any CPU = Release|Any CPU
	EndGlobalSection
	GlobalSection(ProjectConfigurationPlatforms) = postSolution
		{D6C488AA-4954-4B04-ADE7-BAC924803B7E}.Debug|Any CPU.ActiveCfg = Debug|Any CPU
		{D6C488AA-4954-4B04-ADE7-BAC924803B7E}.Debug|Any CPU.Build.0 = Debug|Any CPU
		{D6C488AA-4954-4B04-ADE7-BAC924803B7E}.Release|Any CPU.ActiveCfg = Release|Any CPU
		{D6C488AA-4954-4B04-ADE7-BAC924803B7E}.Release|Any CPU.Build.0 = Release|Any CPU
		{B29AD100-CF31-4457-9366-FD99E1A2FFC6}.Debug|Any CPU.ActiveCfg = Debug|Any CPU
		{B29AD100-CF31-4457-9366-FD99E1A2FFC6}.Debug|Any CPU.Build.0 = Debug|Any CPU
		{B29AD100-CF31-4457-9366-FD99E1A2FFC6}.Release|Any CPU.ActiveCfg = Release|Any CPU
		{B29AD100-CF31-4457-9366-FD99E1A2FFC6}.Release|Any CPU.Build.0 = Release|Any CPU
	EndGlobalSection
	GlobalSection(SolutionProperties) = preSolution
		HideSolutionNode = FALSE
	EndGlobalSection
	GlobalSection(ExtensibilityGlobals) = postSolution
		SolutionGuid = {6F2BC92B-A472-45D8-BAFE-CC0A718AD0CD}
	EndGlobalSection
EndGlobal
